// !$*UTF8*$!
{
	archiveVersion = 1;
	classes = {
	};
	objectVersion = 56;
	objects = {

/* Begin PBXBuildFile section */
		40D4715F2C5F0AB00026EB30 /* MultipeerSyncApp.swift in Sources */ = {isa = PBXBuildFile; fileRef = 40D4715E2C5F0AB00026EB30 /* MultipeerSyncApp.swift */; };
		40D471612C5F0AB00026EB30 /* ContentView.swift in Sources */ = {isa = PBXBuildFile; fileRef = 40D471602C5F0AB00026EB30 /* ContentView.swift */; };
		40D471632C5F0AB10026EB30 /* Assets.xcassets in Resources */ = {isa = PBXBuildFile; fileRef = 40D471622C5F0AB10026EB30 /* Assets.xcassets */; };
		40D471662C5F0AB10026EB30 /* Preview Assets.xcassets in Resources */ = {isa = PBXBuildFile; fileRef = 40D471652C5F0AB10026EB30 /* Preview Assets.xcassets */; };
		40D4716D2C5F13740026EB30 /* DatabaseService.swift in Sources */ = {isa = PBXBuildFile; fileRef = 40D4716C2C5F13740026EB30 /* DatabaseService.swift */; };
		40D471702C5F139A0026EB30 /* CouchbaseLiteSwift in Frameworks */ = {isa = PBXBuildFile; productRef = 40D4716F2C5F139A0026EB30 /* CouchbaseLiteSwift */; };
		40D471732C5F18660026EB30 /* ContentViewModel.swift in Sources */ = {isa = PBXBuildFile; fileRef = 40D471722C5F18660026EB30 /* ContentViewModel.swift */; };
		40F0BE7A2C5F40A500027A7A /* MultipeerSync.swift in Sources */ = {isa = PBXBuildFile; fileRef = 40F0BE792C5F40A500027A7A /* MultipeerSync.swift */; };
/* End PBXBuildFile section */

/* Begin PBXFileReference section */
		40D4715B2C5F0AB00026EB30 /* multipeer-sync.app */ = {isa = PBXFileReference; explicitFileType = wrapper.application; includeInIndex = 0; path = "multipeer-sync.app"; sourceTree = BUILT_PRODUCTS_DIR; };
		40D4715E2C5F0AB00026EB30 /* MultipeerSyncApp.swift */ = {isa = PBXFileReference; lastKnownFileType = sourcecode.swift; path = MultipeerSyncApp.swift; sourceTree = "<group>"; };
		40D471602C5F0AB00026EB30 /* ContentView.swift */ = {isa = PBXFileReference; lastKnownFileType = sourcecode.swift; path = ContentView.swift; sourceTree = "<group>"; };
		40D471622C5F0AB10026EB30 /* Assets.xcassets */ = {isa = PBXFileReference; lastKnownFileType = folder.assetcatalog; path = Assets.xcassets; sourceTree = "<group>"; };
		40D471652C5F0AB10026EB30 /* Preview Assets.xcassets */ = {isa = PBXFileReference; lastKnownFileType = folder.assetcatalog; path = "Preview Assets.xcassets"; sourceTree = "<group>"; };
		40D4716C2C5F13740026EB30 /* DatabaseService.swift */ = {isa = PBXFileReference; lastKnownFileType = sourcecode.swift; path = DatabaseService.swift; sourceTree = "<group>"; };
		40D471722C5F18660026EB30 /* ContentViewModel.swift */ = {isa = PBXFileReference; lastKnownFileType = sourcecode.swift; path = ContentViewModel.swift; sourceTree = "<group>"; };
		40F0BE792C5F40A500027A7A /* MultipeerSync.swift */ = {isa = PBXFileReference; lastKnownFileType = sourcecode.swift; path = MultipeerSync.swift; sourceTree = "<group>"; };
		40F0BE7B2C5F4C3E00027A7A /* Info.plist */ = {isa = PBXFileReference; lastKnownFileType = text.plist; path = Info.plist; sourceTree = "<group>"; };
/* End PBXFileReference section */

/* Begin PBXFrameworksBuildPhase section */
		40D471582C5F0AB00026EB30 /* Frameworks */ = {
			isa = PBXFrameworksBuildPhase;
			buildActionMask = 2147483647;
			files = (
				40D471702C5F139A0026EB30 /* CouchbaseLiteSwift in Frameworks */,
			);
			runOnlyForDeploymentPostprocessing = 0;
		};
/* End PBXFrameworksBuildPhase section */

/* Begin PBXGroup section */
		40D471522C5F0AB00026EB30 = {
			isa = PBXGroup;
			children = (
				40D4715D2C5F0AB00026EB30 /* multipeer-sync */,
				40D4715C2C5F0AB00026EB30 /* Products */,
			);
			sourceTree = "<group>";
		};
		40D4715C2C5F0AB00026EB30 /* Products */ = {
			isa = PBXGroup;
			children = (
				40D4715B2C5F0AB00026EB30 /* multipeer-sync.app */,
			);
			name = Products;
			sourceTree = "<group>";
		};
		40D4715D2C5F0AB00026EB30 /* multipeer-sync */ = {
			isa = PBXGroup;
			children = (
				40F0BE7B2C5F4C3E00027A7A /* Info.plist */,
				40D471742C5F368B0026EB30 /* app */,
				40D471712C5F13EC0026EB30 /* model */,
				40D471752C5F36950026EB30 /* view */,
				40D471622C5F0AB10026EB30 /* Assets.xcassets */,
				40D471642C5F0AB10026EB30 /* Preview Content */,
			);
			path = "multipeer-sync";
			sourceTree = "<group>";
		};
		40D471642C5F0AB10026EB30 /* Preview Content */ = {
			isa = PBXGroup;
			children = (
				40D471652C5F0AB10026EB30 /* Preview Assets.xcassets */,
			);
			path = "Preview Content";
			sourceTree = "<group>";
		};
		40D471712C5F13EC0026EB30 /* model */ = {
			isa = PBXGroup;
			children = (
				40D471722C5F18660026EB30 /* ContentViewModel.swift */,
				40D4716C2C5F13740026EB30 /* DatabaseService.swift */,
				40F0BE792C5F40A500027A7A /* MultipeerSync.swift */,
			);
			path = model;
			sourceTree = "<group>";
		};
		40D471742C5F368B0026EB30 /* app */ = {
			isa = PBXGroup;
			children = (
				40D4715E2C5F0AB00026EB30 /* MultipeerSyncApp.swift */,
			);
			path = app;
			sourceTree = "<group>";
		};
		40D471752C5F36950026EB30 /* view */ = {
			isa = PBXGroup;
			children = (
				40D471602C5F0AB00026EB30 /* ContentView.swift */,
			);
			path = view;
			sourceTree = "<group>";
		};
/* End PBXGroup section */

/* Begin PBXNativeTarget section */
		40D4715A2C5F0AB00026EB30 /* multipeer-sync */ = {
			isa = PBXNativeTarget;
			buildConfigurationList = 40D471692C5F0AB10026EB30 /* Build configuration list for PBXNativeTarget "multipeer-sync" */;
			buildPhases = (
				40D471572C5F0AB00026EB30 /* Sources */,
				40D471582C5F0AB00026EB30 /* Frameworks */,
				40D471592C5F0AB00026EB30 /* Resources */,
			);
			buildRules = (
			);
			dependencies = (
			);
			name = "multipeer-sync";
			packageProductDependencies = (
				40D4716F2C5F139A0026EB30 /* CouchbaseLiteSwift */,
			);
			productName = "multipeer-sync";
			productReference = 40D4715B2C5F0AB00026EB30 /* multipeer-sync.app */;
			productType = "com.apple.product-type.application";
		};
/* End PBXNativeTarget section */

/* Begin PBXProject section */
		40D471532C5F0AB00026EB30 /* Project object */ = {
			isa = PBXProject;
			attributes = {
				BuildIndependentTargetsInParallel = 1;
				LastSwiftUpdateCheck = 1530;
				LastUpgradeCheck = 1530;
				TargetAttributes = {
					40D4715A2C5F0AB00026EB30 = {
						CreatedOnToolsVersion = 15.3;
					};
				};
			};
			buildConfigurationList = 40D471562C5F0AB00026EB30 /* Build configuration list for PBXProject "multipeer-sync" */;
			compatibilityVersion = "Xcode 14.0";
			developmentRegion = en;
			hasScannedForEncodings = 0;
			knownRegions = (
				en,
				Base,
			);
			mainGroup = 40D471522C5F0AB00026EB30;
			packageReferences = (
				40D4716E2C5F139A0026EB30 /* XCRemoteSwiftPackageReference "couchbase-lite-swift-ee" */,
			);
			productRefGroup = 40D4715C2C5F0AB00026EB30 /* Products */;
			projectDirPath = "";
			projectRoot = "";
			targets = (
				40D4715A2C5F0AB00026EB30 /* multipeer-sync */,
			);
		};
/* End PBXProject section */

/* Begin PBXResourcesBuildPhase section */
		40D471592C5F0AB00026EB30 /* Resources */ = {
			isa = PBXResourcesBuildPhase;
			buildActionMask = 2147483647;
			files = (
				40D471662C5F0AB10026EB30 /* Preview Assets.xcassets in Resources */,
				40D471632C5F0AB10026EB30 /* Assets.xcassets in Resources */,
			);
			runOnlyForDeploymentPostprocessing = 0;
		};
/* End PBXResourcesBuildPhase section */

/* Begin PBXSourcesBuildPhase section */
		40D471572C5F0AB00026EB30 /* Sources */ = {
			isa = PBXSourcesBuildPhase;
			buildActionMask = 2147483647;
			files = (
				40D471732C5F18660026EB30 /* ContentViewModel.swift in Sources */,
				40D471612C5F0AB00026EB30 /* ContentView.swift in Sources */,
				40F0BE7A2C5F40A500027A7A /* MultipeerSync.swift in Sources */,
				40D4716D2C5F13740026EB30 /* DatabaseService.swift in Sources */,
				40D4715F2C5F0AB00026EB30 /* MultipeerSyncApp.swift in Sources */,
			);
			runOnlyForDeploymentPostprocessing = 0;
		};
/* End PBXSourcesBuildPhase section */

/* Begin XCBuildConfiguration section */
		40D471672C5F0AB10026EB30 /* Debug */ = {
			isa = XCBuildConfiguration;
			buildSettings = {
				ALWAYS_SEARCH_USER_PATHS = NO;
				ASSETCATALOG_COMPILER_GENERATE_SWIFT_ASSET_SYMBOL_EXTENSIONS = YES;
				CLANG_ANALYZER_NONNULL = YES;
				CLANG_ANALYZER_NUMBER_OBJECT_CONVERSION = YES_AGGRESSIVE;
				CLANG_CXX_LANGUAGE_STANDARD = "gnu++20";
				CLANG_ENABLE_MODULES = YES;
				CLANG_ENABLE_OBJC_ARC = YES;
				CLANG_ENABLE_OBJC_WEAK = YES;
				CLANG_WARN_BLOCK_CAPTURE_AUTORELEASING = YES;
				CLANG_WARN_BOOL_CONVERSION = YES;
				CLANG_WARN_COMMA = YES;
				CLANG_WARN_CONSTANT_CONVERSION = YES;
				CLANG_WARN_DEPRECATED_OBJC_IMPLEMENTATIONS = YES;
				CLANG_WARN_DIRECT_OBJC_ISA_USAGE = YES_ERROR;
				CLANG_WARN_DOCUMENTATION_COMMENTS = YES;
				CLANG_WARN_EMPTY_BODY = YES;
				CLANG_WARN_ENUM_CONVERSION = YES;
				CLANG_WARN_INFINITE_RECURSION = YES;
				CLANG_WARN_INT_CONVERSION = YES;
				CLANG_WARN_NON_LITERAL_NULL_CONVERSION = YES;
				CLANG_WARN_OBJC_IMPLICIT_RETAIN_SELF = YES;
				CLANG_WARN_OBJC_LITERAL_CONVERSION = YES;
				CLANG_WARN_OBJC_ROOT_CLASS = YES_ERROR;
				CLANG_WARN_QUOTED_INCLUDE_IN_FRAMEWORK_HEADER = YES;
				CLANG_WARN_RANGE_LOOP_ANALYSIS = YES;
				CLANG_WARN_STRICT_PROTOTYPES = YES;
				CLANG_WARN_SUSPICIOUS_MOVE = YES;
				CLANG_WARN_UNGUARDED_AVAILABILITY = YES_AGGRESSIVE;
				CLANG_WARN_UNREACHABLE_CODE = YES;
				CLANG_WARN__DUPLICATE_METHOD_MATCH = YES;
				COPY_PHASE_STRIP = NO;
				DEBUG_INFORMATION_FORMAT = dwarf;
				ENABLE_STRICT_OBJC_MSGSEND = YES;
				ENABLE_TESTABILITY = YES;
				ENABLE_USER_SCRIPT_SANDBOXING = YES;
				GCC_C_LANGUAGE_STANDARD = gnu17;
				GCC_DYNAMIC_NO_PIC = NO;
				GCC_NO_COMMON_BLOCKS = YES;
				GCC_OPTIMIZATION_LEVEL = 0;
				GCC_PREPROCESSOR_DEFINITIONS = (
					"DEBUG=1",
					"$(inherited)",
				);
				GCC_WARN_64_TO_32_BIT_CONVERSION = YES;
				GCC_WARN_ABOUT_RETURN_TYPE = YES_ERROR;
				GCC_WARN_UNDECLARED_SELECTOR = YES;
				GCC_WARN_UNINITIALIZED_AUTOS = YES_AGGRESSIVE;
				GCC_WARN_UNUSED_FUNCTION = YES;
				GCC_WARN_UNUSED_VARIABLE = YES;
				IPHONEOS_DEPLOYMENT_TARGET = 17.4;
				LOCALIZATION_PREFERS_STRING_CATALOGS = YES;
				MTL_ENABLE_DEBUG_INFO = INCLUDE_SOURCE;
				MTL_FAST_MATH = YES;
				ONLY_ACTIVE_ARCH = YES;
				SDKROOT = iphoneos;
				SWIFT_ACTIVE_COMPILATION_CONDITIONS = "DEBUG $(inherited)";
				SWIFT_OPTIMIZATION_LEVEL = "-Onone";
			};
			name = Debug;
		};
		40D471682C5F0AB10026EB30 /* Release */ = {
			isa = XCBuildConfiguration;
			buildSettings = {
				ALWAYS_SEARCH_USER_PATHS = NO;
				ASSETCATALOG_COMPILER_GENERATE_SWIFT_ASSET_SYMBOL_EXTENSIONS = YES;
				CLANG_ANALYZER_NONNULL = YES;
				CLANG_ANALYZER_NUMBER_OBJECT_CONVERSION = YES_AGGRESSIVE;
				CLANG_CXX_LANGUAGE_STANDARD = "gnu++20";
				CLANG_ENABLE_MODULES = YES;
				CLANG_ENABLE_OBJC_ARC = YES;
				CLANG_ENABLE_OBJC_WEAK = YES;
				CLANG_WARN_BLOCK_CAPTURE_AUTORELEASING = YES;
				CLANG_WARN_BOOL_CONVERSION = YES;
				CLANG_WARN_COMMA = YES;
				CLANG_WARN_CONSTANT_CONVERSION = YES;
				CLANG_WARN_DEPRECATED_OBJC_IMPLEMENTATIONS = YES;
				CLANG_WARN_DIRECT_OBJC_ISA_USAGE = YES_ERROR;
				CLANG_WARN_DOCUMENTATION_COMMENTS = YES;
				CLANG_WARN_EMPTY_BODY = YES;
				CLANG_WARN_ENUM_CONVERSION = YES;
				CLANG_WARN_INFINITE_RECURSION = YES;
				CLANG_WARN_INT_CONVERSION = YES;
				CLANG_WARN_NON_LITERAL_NULL_CONVERSION = YES;
				CLANG_WARN_OBJC_IMPLICIT_RETAIN_SELF = YES;
				CLANG_WARN_OBJC_LITERAL_CONVERSION = YES;
				CLANG_WARN_OBJC_ROOT_CLASS = YES_ERROR;
				CLANG_WARN_QUOTED_INCLUDE_IN_FRAMEWORK_HEADER = YES;
				CLANG_WARN_RANGE_LOOP_ANALYSIS = YES;
				CLANG_WARN_STRICT_PROTOTYPES = YES;
				CLANG_WARN_SUSPICIOUS_MOVE = YES;
				CLANG_WARN_UNGUARDED_AVAILABILITY = YES_AGGRESSIVE;
				CLANG_WARN_UNREACHABLE_CODE = YES;
				CLANG_WARN__DUPLICATE_METHOD_MATCH = YES;
				COPY_PHASE_STRIP = NO;
				DEBUG_INFORMATION_FORMAT = "dwarf-with-dsym";
				ENABLE_NS_ASSERTIONS = NO;
				ENABLE_STRICT_OBJC_MSGSEND = YES;
				ENABLE_USER_SCRIPT_SANDBOXING = YES;
				GCC_C_LANGUAGE_STANDARD = gnu17;
				GCC_NO_COMMON_BLOCKS = YES;
				GCC_WARN_64_TO_32_BIT_CONVERSION = YES;
				GCC_WARN_ABOUT_RETURN_TYPE = YES_ERROR;
				GCC_WARN_UNDECLARED_SELECTOR = YES;
				GCC_WARN_UNINITIALIZED_AUTOS = YES_AGGRESSIVE;
				GCC_WARN_UNUSED_FUNCTION = YES;
				GCC_WARN_UNUSED_VARIABLE = YES;
				IPHONEOS_DEPLOYMENT_TARGET = 17.4;
				LOCALIZATION_PREFERS_STRING_CATALOGS = YES;
				MTL_ENABLE_DEBUG_INFO = NO;
				MTL_FAST_MATH = YES;
				SDKROOT = iphoneos;
				SWIFT_COMPILATION_MODE = wholemodule;
				VALIDATE_PRODUCT = YES;
			};
			name = Release;
		};
		40D4716A2C5F0AB10026EB30 /* Debug */ = {
			isa = XCBuildConfiguration;
			buildSettings = {
				ASSETCATALOG_COMPILER_APPICON_NAME = AppIcon;
				ASSETCATALOG_COMPILER_GLOBAL_ACCENT_COLOR_NAME = AccentColor;
				CODE_SIGN_STYLE = Automatic;
				CURRENT_PROJECT_VERSION = 1;
				DEVELOPMENT_ASSET_PATHS = "\"multipeer-sync/Preview Content\"";
				DEVELOPMENT_TEAM = N2Q372V7W2;
				ENABLE_PREVIEWS = YES;
				GENERATE_INFOPLIST_FILE = YES;
				INFOPLIST_FILE = "multipeer-sync/Info.plist";
				INFOPLIST_KEY_NSLocalNetworkUsageDescription = "Peer-to-Peer Sync";
				INFOPLIST_KEY_UIApplicationSceneManifest_Generation = YES;
				INFOPLIST_KEY_UIApplicationSupportsIndirectInputEvents = YES;
				INFOPLIST_KEY_UILaunchScreen_Generation = YES;
				INFOPLIST_KEY_UISupportedInterfaceOrientations_iPad = "UIInterfaceOrientationPortrait UIInterfaceOrientationPortraitUpsideDown UIInterfaceOrientationLandscapeLeft UIInterfaceOrientationLandscapeRight";
				INFOPLIST_KEY_UISupportedInterfaceOrientations_iPhone = "UIInterfaceOrientationPortrait UIInterfaceOrientationLandscapeLeft UIInterfaceOrientationLandscapeRight";
				LD_RUNPATH_SEARCH_PATHS = (
					"$(inherited)",
					"@executable_path/Frameworks",
				);
				MARKETING_VERSION = 1.0;
				PRODUCT_BUNDLE_IDENTIFIER = "com.couchbase.multipeer-sync";
				PRODUCT_NAME = "$(TARGET_NAME)";
				SWIFT_EMIT_LOC_STRINGS = YES;
				SWIFT_VERSION = 5.0;
				TARGETED_DEVICE_FAMILY = "1,2";
			};
			name = Debug;
		};
		40D4716B2C5F0AB10026EB30 /* Release */ = {
			isa = XCBuildConfiguration;
			buildSettings = {
				ASSETCATALOG_COMPILER_APPICON_NAME = AppIcon;
				ASSETCATALOG_COMPILER_GLOBAL_ACCENT_COLOR_NAME = AccentColor;
				CODE_SIGN_STYLE = Automatic;
				CURRENT_PROJECT_VERSION = 1;
				DEVELOPMENT_ASSET_PATHS = "\"multipeer-sync/Preview Content\"";
				DEVELOPMENT_TEAM = N2Q372V7W2;
				ENABLE_PREVIEWS = YES;
				GENERATE_INFOPLIST_FILE = YES;
				INFOPLIST_FILE = "multipeer-sync/Info.plist";
				INFOPLIST_KEY_NSLocalNetworkUsageDescription = "Peer-to-Peer Sync";
				INFOPLIST_KEY_UIApplicationSceneManifest_Generation = YES;
				INFOPLIST_KEY_UIApplicationSupportsIndirectInputEvents = YES;
				INFOPLIST_KEY_UILaunchScreen_Generation = YES;
				INFOPLIST_KEY_UISupportedInterfaceOrientations_iPad = "UIInterfaceOrientationPortrait UIInterfaceOrientationPortraitUpsideDown UIInterfaceOrientationLandscapeLeft UIInterfaceOrientationLandscapeRight";
				INFOPLIST_KEY_UISupportedInterfaceOrientations_iPhone = "UIInterfaceOrientationPortrait UIInterfaceOrientationLandscapeLeft UIInterfaceOrientationLandscapeRight";
				LD_RUNPATH_SEARCH_PATHS = (
					"$(inherited)",
					"@executable_path/Frameworks",
				);
				MARKETING_VERSION = 1.0;
				PRODUCT_BUNDLE_IDENTIFIER = "com.couchbase.multipeer-sync";
				PRODUCT_NAME = "$(TARGET_NAME)";
				SWIFT_EMIT_LOC_STRINGS = YES;
				SWIFT_VERSION = 5.0;
				TARGETED_DEVICE_FAMILY = "1,2";
			};
			name = Release;
		};
/* End XCBuildConfiguration section */

/* Begin XCConfigurationList section */
		40D471562C5F0AB00026EB30 /* Build configuration list for PBXProject "multipeer-sync" */ = {
			isa = XCConfigurationList;
			buildConfigurations = (
				40D471672C5F0AB10026EB30 /* Debug */,
				40D471682C5F0AB10026EB30 /* Release */,
			);
			defaultConfigurationIsVisible = 0;
			defaultConfigurationName = Release;
		};
		40D471692C5F0AB10026EB30 /* Build configuration list for PBXNativeTarget "multipeer-sync" */ = {
			isa = XCConfigurationList;
			buildConfigurations = (
				40D4716A2C5F0AB10026EB30 /* Debug */,
				40D4716B2C5F0AB10026EB30 /* Release */,
			);
			defaultConfigurationIsVisible = 0;
			defaultConfigurationName = Release;
		};
/* End XCConfigurationList section */

/* Begin XCRemoteSwiftPackageReference section */
		40D4716E2C5F139A0026EB30 /* XCRemoteSwiftPackageReference "couchbase-lite-swift-ee" */ = {
			isa = XCRemoteSwiftPackageReference;
			repositoryURL = "https://github.com/couchbase/couchbase-lite-swift-ee.git";
			requirement = {
				kind = upToNextMajorVersion;
				minimumVersion = 3.1.7;
			};
		};
/* End XCRemoteSwiftPackageReference section */

/* Begin XCSwiftPackageProductDependency section */
		40D4716F2C5F139A0026EB30 /* CouchbaseLiteSwift */ = {
			isa = XCSwiftPackageProductDependency;
			package = 40D4716E2C5F139A0026EB30 /* XCRemoteSwiftPackageReference "couchbase-lite-swift-ee" */;
			productName = CouchbaseLiteSwift;
		};
/* End XCSwiftPackageProductDependency section */
	};
	rootObject = 40D471532C5F0AB00026EB30 /* Project object */;
}
